
Microsoft Visual Studio Solution File, Format Version 12.00
# Visual Studio 2013
VisualStudioVersion = 12.0.31101.0
MinimumVisualStudioVersion = 10.0.40219.1
Project("{FAE04EC0-301F-11D3-BF4B-00C04F79EFBC}") = "StorageSystem", "StorageSystem\StorageSystem.csproj", "{80355C14-B6DF-41F4-AC64-3F4A2DE29386}"
EndProject
Project("{FAE04EC0-301F-11D3-BF4B-00C04F79EFBC}") = "StorageSystem.Sample", "StorageSystem.Sample\StorageSystem.Sample.csproj", "{53C5D8D3-0213-4FED-AF9D-01AB6C1DF8FF}"
EndProject
Global
	GlobalSection(SolutionConfigurationPlatforms) = preSolution
		Debug|Any CPU = Debug|Any CPU
		Release|Any CPU = Release|Any CPU
	EndGlobalSection
	GlobalSection(ProjectConfigurationPlatforms) = postSolution
		{80355C14-B6DF-41F4-AC64-3F4A2DE29386}.Debug|Any CPU.ActiveCfg = Debug|Any CPU
		{80355C14-B6DF-41F4-AC64-3F4A2DE29386}.Debug|Any CPU.Build.0 = Debug|Any CPU
		{80355C14-B6DF-41F4-AC64-3F4A2DE29386}.Release|Any CPU.ActiveCfg = Release|Any CPU
		{80355C14-B6DF-41F4-AC64-3F4A2DE29386}.Release|Any CPU.Build.0 = Release|Any CPU
		{53C5D8D3-0213-4FED-AF9D-01AB6C1DF8FF}.Debug|Any CPU.ActiveCfg = Debug|Any CPU
		{53C5D8D3-0213-4FED-AF9D-01AB6C1DF8FF}.Debug|Any CPU.Build.0 = Debug|Any CPU
		{53C5D8D3-0213-4FED-AF9D-01AB6C1DF8FF}.Release|Any CPU.ActiveCfg = Release|Any CPU
		{53C5D8D3-0213-4FED-AF9D-01AB6C1DF8FF}.Release|Any CPU.Build.0 = Release|Any CPU
	EndGlobalSection
	GlobalSection(SolutionProperties) = preSolution
		HideSolutionNode = FALSE
	EndGlobalSection
EndGlobal
